version = 1
requires-python = ">=3.12"

[[package]]
name = "flask-pydantic-spec"
version = "0.6.0"
source = { registry = "https://pypi.org/simple" }
dependencies = [
    { name = "inflection" },
    { name = "pydantic" },
]
sdist = { url = "https://files.pythonhosted.org/packages/4b/17/53a9e2f000d1771461da7bdd207167f5dfe44225a48d0436837987d33f55/flask_pydantic_spec-0.6.0.tar.gz", hash = "sha256:f20d63cba821dfaaa92fa19c1e1975e0acf544ea6a3cc9eb5cbac62a81117790", size = 21887 }
wheels = [
    { url = "https://files.pythonhosted.org/packages/92/35/684431bec6e8b2808ce617493d1ae51a0c2b0c0fc821b7dfa561a255e12a/flask_pydantic_spec-0.6.0-py3-none-any.whl", hash = "sha256:480689102eed43900b2164d07af930221a2379253ed06337d280a47224990035", size = 22146 },
]

[[package]]
name = "inflection"
version = "0.5.1"
source = { registry = "https://pypi.org/simple" }
sdist = { url = "https://files.pythonhosted.org/packages/e1/7e/691d061b7329bc8d54edbf0ec22fbfb2afe61facb681f9aaa9bff7a27d04/inflection-0.5.1.tar.gz", hash = "sha256:1a29730d366e996aaacffb2f1f1cb9593dc38e2ddd30c91250c6dde09ea9b417", size = 15091 }
wheels = [
    { url = "https://files.pythonhosted.org/packages/59/91/aa6bde563e0085a02a435aa99b49ef75b0a4b062635e606dab23ce18d720/inflection-0.5.1-py2.py3-none-any.whl", hash = "sha256:f38b2b640938a4f35ade69ac3d053042959b62a0f1076a5bbaa1b9526605a8a2", size = 9454 },
]

[[package]]
name = "lambda-flask"
version = "0.1.0"
source = { virtual = "." }
dependencies = [
    { name = "flask-pydantic-spec" },
    { name = "python-dotenv" },
]

[package.metadata]
requires-dist = [
    { name = "flask-pydantic-spec", specifier = ">=0.6.0" },
    { name = "python-dotenv", specifier = ">=1.0.1" },
]

[[package]]
name = "pydantic"
version = "1.10.21"
source = { registry = "https://pypi.org/simple" }
dependencies = [
    { name = "typing-extensions" },
]
sdist = { url = "https://files.pythonhosted.org/packages/c3/e9/d99a2c4f8f6d7c711f39f6ecf485b7f3bba66189bbbad505d24eb0106922/pydantic-1.10.21.tar.gz", hash = "sha256:64b48e2b609a6c22178a56c408ee1215a7206077ecb8a193e2fda31858b2362a", size = 356653 }
wheels = [
    { url = "https://files.pythonhosted.org/packages/5b/bd/abe17640066750dfcf4103065f9af149ba9868276a7d3936365db16dc546/pydantic-1.10.21-cp312-cp312-macosx_10_13_x86_64.whl", hash = "sha256:2ed4a5f13cf160d64aa331ab9017af81f3481cd9fd0e49f1d707b57fe1b9f3ae", size = 2794486 },
    { url = "https://files.pythonhosted.org/packages/7b/d3/75a00f07e247b615002f9423d426191785850ff1bf947803f21b6bce952b/pydantic-1.10.21-cp312-cp312-macosx_11_0_arm64.whl", hash = "sha256:3b7693bb6ed3fbe250e222f9415abb73111bb09b73ab90d2d4d53f6390e0ccc1", size = 2534033 },
    { url = "https://files.pythonhosted.org/packages/6f/65/1e61f78f6d3f2866bb93aa33260cf43cb650dedb403928394d498c7965dd/pydantic-1.10.21-cp312-cp312-manylinux_2_17_x86_64.manylinux2014_x86_64.whl", hash = "sha256:185d5f1dff1fead51766da9b2de4f3dc3b8fca39e59383c273f34a6ae254e3e2", size = 2993618 },
    { url = "https://files.pythonhosted.org/packages/f1/5c/28994d6b1ce73ed3946f2e08aee0f85d6a7bfc5469f5ea40f90c375a4dd7/pydantic-1.10.21-cp312-cp312-manylinux_2_5_i686.manylinux1_i686.manylinux_2_17_i686.manylinux2014_i686.whl", hash = "sha256:38e6d35cf7cd1727822c79e324fa0677e1a08c88a34f56695101f5ad4d5e20e5", size = 3036401 },
    { url = "https://files.pythonhosted.org/packages/86/6b/ec8348dc64257feef791a8e31121e9e29d6d75731cdb914d9815c0677aa1/pydantic-1.10.21-cp312-cp312-musllinux_1_2_i686.whl", hash = "sha256:1d7c332685eafacb64a1a7645b409a166eb7537f23142d26895746f628a3149b", size = 3171262 },
    { url = "https://files.pythonhosted.org/packages/75/c4/901b81093ef73c93190c83e08acbef3ee2796a8d372bda7e8b57d0e94318/pydantic-1.10.21-cp312-cp312-musllinux_1_2_x86_64.whl", hash = "sha256:2c9b782db6f993a36092480eeaab8ba0609f786041b01f39c7c52252bda6d85f", size = 3123215 },
    { url = "https://files.pythonhosted.org/packages/5d/24/f56cc8bdb460872662199a19f4288cc2609f1911298e25f67a57f7397961/pydantic-1.10.21-cp312-cp312-win_amd64.whl", hash = "sha256:7ce64d23d4e71d9698492479505674c5c5b92cda02b07c91dfc13633b2eef805", size = 2189400 },
    { url = "https://files.pythonhosted.org/packages/d4/79/717dc84083fbddc142efbd2bfe887edaf6b52cfd267b030849d43d7ed89a/pydantic-1.10.21-cp313-cp313-macosx_10_13_x86_64.whl", hash = "sha256:0067935d35044950be781933ab91b9a708eaff124bf860fa2f70aeb1c4be7212", size = 2796872 },
    { url = "https://files.pythonhosted.org/packages/79/88/63aa6efc8583e0a73d6d89e6534afd68917da66433a3b23f70ba229b37dc/pydantic-1.10.21-cp313-cp313-macosx_11_0_arm64.whl", hash = "sha256:5e8148c2ce4894ce7e5a4925d9d3fdce429fb0e821b5a8783573f3611933a251", size = 2538273 },
    { url = "https://files.pythonhosted.org/packages/a5/d5/95b88740f8b9ce1b4884a682235db2f7f9327b071a294cf8b4b67beb37f1/pydantic-1.10.21-cp313-cp313-manylinux_2_17_x86_64.manylinux2014_x86_64.whl", hash = "sha256:a4973232c98b9b44c78b1233693e5e1938add5af18042f031737e1214455f9b8", size = 2985789 },
    { url = "https://files.pythonhosted.org/packages/dc/b3/5ffebe4951c9ab2a76e3644a3154545cdbf74a3465a60299af8978abdcec/pydantic-1.10.21-cp313-cp313-manylinux_2_5_i686.manylinux1_i686.manylinux_2_17_i686.manylinux2014_i686.whl", hash = "sha256:662bf5ce3c9b1cef32a32a2f4debe00d2f4839fefbebe1d6956e681122a9c839", size = 3015261 },
    { url = "https://files.pythonhosted.org/packages/49/fb/9c2da63e3b407b3477276c9992fd4359c57483cb6aa760c0bceeabab1f3c/pydantic-1.10.21-cp313-cp313-musllinux_1_2_i686.whl", hash = "sha256:98737c3ab5a2f8a85f2326eebcd214510f898881a290a7939a45ec294743c875", size = 3163989 },
    { url = "https://files.pythonhosted.org/packages/05/a1/4c84b1ce488acd760e9ecd945b3c0ff6ecf1a26186f5eb058bab62d51d68/pydantic-1.10.21-cp313-cp313-musllinux_1_2_x86_64.whl", hash = "sha256:0bb58bbe65a43483d49f66b6c8474424d551a3fbe8a7796c42da314bac712738", size = 3117257 },
    { url = "https://files.pythonhosted.org/packages/8a/a1/4ff39f2e89bf87496b9dc1aa56085848df971b341b14ad9e02a8bc13c966/pydantic-1.10.21-cp313-cp313-win_amd64.whl", hash = "sha256:e622314542fb48542c09c7bd1ac51d71c5632dd3c92dc82ede6da233f55f4848", size = 2172972 },
    { url = "https://files.pythonhosted.org/packages/2d/a8/3e34e7127203ac002e1a5eb45108ef523d9196f75468fde5fdbec7544201/pydantic-1.10.21-py3-none-any.whl", hash = "sha256:db70c920cba9d05c69ad4a9e7f8e9e83011abb2c6490e561de9ae24aee44925c", size = 166430 },
]

[[package]]
name = "python-dotenv"
version = "1.0.1"
source = { registry = "https://pypi.org/simple" }
sdist = { url = "https://files.pythonhosted.org/packages/bc/57/e84d88dfe0aec03b7a2d4327012c1627ab5f03652216c63d49846d7a6c58/python-dotenv-1.0.1.tar.gz", hash = "sha256:e324ee90a023d808f1959c46bcbc04446a10ced277783dc6ee09987c37ec10ca", size = 39115 }
wheels = [
    { url = "https://files.pythonhosted.org/packages/6a/3e/b68c118422ec867fa7ab88444e1274aa40681c606d59ac27de5a5588f082/python_dotenv-1.0.1-py3-none-any.whl", hash = "sha256:f7b63ef50f1b690dddf550d03497b66d609393b40b564ed0d674909a68ebf16a", size = 19863 },
]

[[package]]
name = "typing-extensions"
version = "4.12.2"
source = { registry = "https://pypi.org/simple" }
sdist = { url = "https://files.pythonhosted.org/packages/df/db/f35a00659bc03fec321ba8bce9420de607a1d37f8342eee1863174c69557/typing_extensions-4.12.2.tar.gz", hash = "sha256:1a7ead55c7e559dd4dee8856e3a88b41225abfe1ce8df57b7c13915fe121ffb8", size = 85321 }
wheels = [
    { url = "https://files.pythonhosted.org/packages/26/9f/ad63fc0248c5379346306f8668cda6e2e2e9c95e01216d2b8ffd9ff037d0/typing_extensions-4.12.2-py3-none-any.whl", hash = "sha256:04e5ca0351e0f3f85c6853954072df659d0d13fac324d0072316b67d7794700d", size = 37438 },
]
